
Microsoft Visual Studio Solution File, Format Version 12.00
# Visual Studio 15
VisualStudioVersion = 15.0.28010.2019
MinimumVisualStudioVersion = 10.0.40219.1
Project("{8BC9CEB8-8B4A-11D0-8D11-00A0C91BC942}") = "FMOD", "Projects\FMOD\FMOD.vcxproj", "{620AB647-9E6B-4CC6-855C-612FDDE28CFE}"
EndProject
Global
	GlobalSection(SolutionConfigurationPlatforms) = preSolution
		Debug|x64 = Debug|x64
		Debug|x86 = Debug|x86
		Release|x64 = Release|x64
		Release|x86 = Release|x86
	EndGlobalSection
	GlobalSection(ProjectConfigurationPlatforms) = postSolution
		{620AB647-9E6B-4CC6-855C-612FDDE28CFE}.Debug|x64.ActiveCfg = Debug|x64
		{620AB647-9E6B-4CC6-855C-612FDDE28CFE}.Debug|x64.Build.0 = Debug|x64
		{620AB647-9E6B-4CC6-855C-612FDDE28CFE}.Debug|x86.ActiveCfg = Debug|Win32
		{620AB647-9E6B-4CC6-855C-612FDDE28CFE}.Debug|x86.Build.0 = Debug|Win32
		{620AB647-9E6B-4CC6-855C-612FDDE28CFE}.Release|x64.ActiveCfg = Release|x64
		{620AB647-9E6B-4CC6-855C-612FDDE28CFE}.Release|x64.Build.0 = Release|x64
		{620AB647-9E6B-4CC6-855C-612FDDE28CFE}.Release|x86.ActiveCfg = Release|Win32
		{620AB647-9E6B-4CC6-855C-612FDDE28CFE}.Release|x86.Build.0 = Release|Win32
	EndGlobalSection
	GlobalSection(SolutionProperties) = preSolution
		HideSolutionNode = FALSE
	EndGlobalSection
	GlobalSection(ExtensibilityGlobals) = postSolution
		SolutionGuid = {A11887AB-2056-492C-9BC2-DEE189502B96}
	EndGlobalSection
EndGlobal
